
Microsoft Visual Studio Solution File, Format Version 12.00
# Visual Studio Version 16
VisualStudioVersion = 16.0.29609.76
MinimumVisualStudioVersion = 10.0.40219.1
Project("{FAE04EC0-301F-11D3-BF4B-00C04F79EFBC}") = "OneTech", "OneTech\OneTech.csproj", "{EB1832DF-3B3C-4829-99D7-046D8BFE1B0D}"
EndProject
Global
	GlobalSection(SolutionConfigurationPlatforms) = preSolution
		Debug|Any CPU = Debug|Any CPU
		Release|Any CPU = Release|Any CPU
	EndGlobalSection
	GlobalSection(ProjectConfigurationPlatforms) = postSolution
		{EB1832DF-3B3C-4829-99D7-046D8BFE1B0D}.Debug|Any CPU.ActiveCfg = Debug|Any CPU
		{EB1832DF-3B3C-4829-99D7-046D8BFE1B0D}.Debug|Any CPU.Build.0 = Debug|Any CPU
		{EB1832DF-3B3C-4829-99D7-046D8BFE1B0D}.Release|Any CPU.ActiveCfg = Release|Any CPU
		{EB1832DF-3B3C-4829-99D7-046D8BFE1B0D}.Release|Any CPU.Build.0 = Release|Any CPU
	EndGlobalSection
	GlobalSection(SolutionProperties) = preSolution
		HideSolutionNode = FALSE
	EndGlobalSection
	GlobalSection(ExtensibilityGlobals) = postSolution
		SolutionGuid = {37262CF4-78E0-4A57-AAB6-7F8E5C88A812}
	EndGlobalSection
EndGlobal
